
Microsoft Visual Studio Solution File, Format Version 12.00
# Visual Studio 15
VisualStudioVersion = 15.0.28307.572
MinimumVisualStudioVersion = 10.0.40219.1
Project("{9A19103F-16F7-4668-BE54-9A1E7A4F7556}") = "Zadania", "Zadania\Zadania.csproj", "{C0B8D8C2-B8A9-43EA-A697-CF5D244BF4D3}"
EndProject
Project("{9A19103F-16F7-4668-BE54-9A1E7A4F7556}") = "Zadanie2", "Zadanie2\Zadanie2.csproj", "{FB0A7C8F-C7BE-4133-B31E-E97700A3B124}"
EndProject
Project("{FAE04EC0-301F-11D3-BF4B-00C04F79EFBC}") = "Zadanie3", "Zadanie3\Zadanie3.csproj", "{CC05D9A8-3312-465C-936D-57CE98B6E7B4}"
EndProject
Project("{FAE04EC0-301F-11D3-BF4B-00C04F79EFBC}") = "Zadanie4", "Zadanie4\Zadanie4.csproj", "{6BF7EC27-1A74-4623-A827-9784A194CF6F}"
EndProject
Global
	GlobalSection(SolutionConfigurationPlatforms) = preSolution
		Debug|Any CPU = Debug|Any CPU
		Release|Any CPU = Release|Any CPU
	EndGlobalSection
	GlobalSection(ProjectConfigurationPlatforms) = postSolution
		{C0B8D8C2-B8A9-43EA-A697-CF5D244BF4D3}.Debug|Any CPU.ActiveCfg = Debug|Any CPU
		{C0B8D8C2-B8A9-43EA-A697-CF5D244BF4D3}.Debug|Any CPU.Build.0 = Debug|Any CPU
		{C0B8D8C2-B8A9-43EA-A697-CF5D244BF4D3}.Release|Any CPU.ActiveCfg = Release|Any CPU
		{C0B8D8C2-B8A9-43EA-A697-CF5D244BF4D3}.Release|Any CPU.Build.0 = Release|Any CPU
		{FB0A7C8F-C7BE-4133-B31E-E97700A3B124}.Debug|Any CPU.ActiveCfg = Debug|Any CPU
		{FB0A7C8F-C7BE-4133-B31E-E97700A3B124}.Debug|Any CPU.Build.0 = Debug|Any CPU
		{FB0A7C8F-C7BE-4133-B31E-E97700A3B124}.Release|Any CPU.ActiveCfg = Release|Any CPU
		{FB0A7C8F-C7BE-4133-B31E-E97700A3B124}.Release|Any CPU.Build.0 = Release|Any CPU
		{CC05D9A8-3312-465C-936D-57CE98B6E7B4}.Debug|Any CPU.ActiveCfg = Debug|Any CPU
		{CC05D9A8-3312-465C-936D-57CE98B6E7B4}.Debug|Any CPU.Build.0 = Debug|Any CPU
		{CC05D9A8-3312-465C-936D-57CE98B6E7B4}.Release|Any CPU.ActiveCfg = Release|Any CPU
		{CC05D9A8-3312-465C-936D-57CE98B6E7B4}.Release|Any CPU.Build.0 = Release|Any CPU
		{6BF7EC27-1A74-4623-A827-9784A194CF6F}.Debug|Any CPU.ActiveCfg = Debug|Any CPU
		{6BF7EC27-1A74-4623-A827-9784A194CF6F}.Debug|Any CPU.Build.0 = Debug|Any CPU
		{6BF7EC27-1A74-4623-A827-9784A194CF6F}.Release|Any CPU.ActiveCfg = Release|Any CPU
		{6BF7EC27-1A74-4623-A827-9784A194CF6F}.Release|Any CPU.Build.0 = Release|Any CPU
	EndGlobalSection
	GlobalSection(SolutionProperties) = preSolution
		HideSolutionNode = FALSE
	EndGlobalSection
	GlobalSection(ExtensibilityGlobals) = postSolution
		SolutionGuid = {78353714-B1A6-42E2-94C1-BA33D06BCEC1}
	EndGlobalSection
EndGlobal
